
Microsoft Visual Studio Solution File, Format Version 12.00
# Visual Studio Version 17
VisualStudioVersion = 17.6.33815.320
MinimumVisualStudioVersion = 10.0.40219.1
Project("{FAE04EC0-301F-11D3-BF4B-00C04F79EFBC}") = "EventManagementSystem", "EventManagementSystem\EventManagementSystem.csproj", "{E01D05DB-EB21-4F89-8FA1-B8A30B3F4CD6}"
EndProject
Global
	GlobalSection(SolutionConfigurationPlatforms) = preSolution
		Debug|Any CPU = Debug|Any CPU
		Release|Any CPU = Release|Any CPU
	EndGlobalSection
	GlobalSection(ProjectConfigurationPlatforms) = postSolution
		{E01D05DB-EB21-4F89-8FA1-B8A30B3F4CD6}.Debug|Any CPU.ActiveCfg = Debug|Any CPU
		{E01D05DB-EB21-4F89-8FA1-B8A30B3F4CD6}.Debug|Any CPU.Build.0 = Debug|Any CPU
		{E01D05DB-EB21-4F89-8FA1-B8A30B3F4CD6}.Release|Any CPU.ActiveCfg = Release|Any CPU
		{E01D05DB-EB21-4F89-8FA1-B8A30B3F4CD6}.Release|Any CPU.Build.0 = Release|Any CPU
	EndGlobalSection
	GlobalSection(SolutionProperties) = preSolution
		HideSolutionNode = FALSE
	EndGlobalSection
	GlobalSection(ExtensibilityGlobals) = postSolution
		SolutionGuid = {3CF428B4-B053-47FF-8B63-41F687A43D08}
	EndGlobalSection
EndGlobal
